
Microsoft Visual Studio Solution File, Format Version 12.00
# Visual Studio Version 16
VisualStudioVersion = 16.0.28803.452
MinimumVisualStudioVersion = 10.0.40219.1
Project("{FAE04EC0-301F-11D3-BF4B-00C04F79EFBC}") = "Porjet-2", "Porjet-2\Porjet-2.csproj", "{90167764-C284-4C17-A498-07188F3FC388}"
EndProject
Global
	GlobalSection(SolutionConfigurationPlatforms) = preSolution
		Debug|Any CPU = Debug|Any CPU
		Release|Any CPU = Release|Any CPU
	EndGlobalSection
	GlobalSection(ProjectConfigurationPlatforms) = postSolution
		{90167764-C284-4C17-A498-07188F3FC388}.Debug|Any CPU.ActiveCfg = Debug|Any CPU
		{90167764-C284-4C17-A498-07188F3FC388}.Debug|Any CPU.Build.0 = Debug|Any CPU
		{90167764-C284-4C17-A498-07188F3FC388}.Release|Any CPU.ActiveCfg = Release|Any CPU
		{90167764-C284-4C17-A498-07188F3FC388}.Release|Any CPU.Build.0 = Release|Any CPU
	EndGlobalSection
	GlobalSection(SolutionProperties) = preSolution
		HideSolutionNode = FALSE
	EndGlobalSection
	GlobalSection(ExtensibilityGlobals) = postSolution
		SolutionGuid = {AF1E9CAE-D324-454D-A572-C8DFD9F7FDF8}
	EndGlobalSection
EndGlobal
